{
  "version": "5",
  "specifiers": {
    "npm:translate-google-api@*": "1.0.4",
    "npm:translate-google-api@1.0.4": "1.0.4"
  },
  "npm": {
    "axios@0.20.0": {
      "integrity": "sha512-ANA4rr2BDcmmAQLOKft2fufrtuvlqR+cXNNinUmvfeSNCOF98PZL+7M/v1zIdGo7OLjEA9J2gXJL+j4zGsl0bA==",
      "dependencies": [
        "follow-redirects"
      ],
      "deprecated": true
    },
    "follow-redirects@1.15.11": {
      "integrity": "sha512-deG2P0JfjrTxl50XGCDyfI97ZGVCxIpfKYmfyrQ54n5FO/0gfIES8C/Psl6kWVDolizcaaxZJnTS0QSMxvnsBQ=="
    },
    "translate-google-api@1.0.4": {
      "integrity": "sha512-KVXmo4+64/H1vIbnzf2zNiJ2JLeEB3jrEnNRP2EFNAGNqna/5bmw/Cps3pCHu0n3BzTOoWh9u6wFvrRYdzQ6Iw==",
      "dependencies": [
        "axios"
      ]
    }
  },
  "redirects": {
    "https://deno.land/std/http/server.ts": "https://deno.land/std@0.224.0/http/server.ts"
  },
  "remote": {
    "https://deno.land/std@0.208.0/async/delay.ts": "a6142eb44cdd856b645086af2b811b1fcce08ec06bb7d50969e6a872ee9b8659",
    "https://deno.land/std@0.208.0/http/server.ts": "f3cde6672e631d3e00785743cfa96bfed275618c0352c5ae84abbe5a2e0e4afc",
    "https://deno.land/std@0.224.0/async/delay.ts": "f90dd685b97c2f142b8069082993e437b1602b8e2561134827eeb7c12b95c499",
    "https://deno.land/std@0.224.0/http/server.ts": "f9313804bf6467a1704f45f76cb6cd0a3396a3b31c316035e6a4c2035d1ea514"
  },
  "workspace": {
    "dependencies": [
      "jsr:@std/assert@1",
      "npm:translate-google-api@1.0.4"
    ]
  }
}
